// !$*UTF8*$!
{
	archiveVersion = 1;
	classes = {
	};
	objectVersion = 56;
	objects = {

/* Begin PBXBuildFile section */
		3E6226552C7F5D8A00F0D98F /* cryptoCrazySUIApp.swift in Sources */ = {isa = PBXBuildFile; fileRef = 3E6226542C7F5D8A00F0D98F /* cryptoCrazySUIApp.swift */; };
		3E6226572C7F5D8A00F0D98F /* MainView.swift in Sources */ = {isa = PBXBuildFile; fileRef = 3E6226562C7F5D8A00F0D98F /* MainView.swift */; };
		3E6226592C7F5D8B00F0D98F /* Assets.xcassets in Resources */ = {isa = PBXBuildFile; fileRef = 3E6226582C7F5D8B00F0D98F /* Assets.xcassets */; };
		3E62265C2C7F5D8B00F0D98F /* Preview Assets.xcassets in Resources */ = {isa = PBXBuildFile; fileRef = 3E62265B2C7F5D8B00F0D98F /* Preview Assets.xcassets */; };
		3E6226682C7F5E8E00F0D98F /* CryptoCurrency.swift in Sources */ = {isa = PBXBuildFile; fileRef = 3E6226672C7F5E8E00F0D98F /* CryptoCurrency.swift */; };
		3E62266A2C7F61EF00F0D98F /* webservice.swift in Sources */ = {isa = PBXBuildFile; fileRef = 3E6226692C7F61EF00F0D98F /* webservice.swift */; };
		3E62266C2C7F67B000F0D98F /* cryptoViewModel.swift in Sources */ = {isa = PBXBuildFile; fileRef = 3E62266B2C7F67B000F0D98F /* cryptoViewModel.swift */; };
/* End PBXBuildFile section */

/* Begin PBXFileReference section */
		3E6226512C7F5D8A00F0D98F /* cryptoCrazySUI.app */ = {isa = PBXFileReference; explicitFileType = wrapper.application; includeInIndex = 0; path = cryptoCrazySUI.app; sourceTree = BUILT_PRODUCTS_DIR; };
		3E6226542C7F5D8A00F0D98F /* cryptoCrazySUIApp.swift */ = {isa = PBXFileReference; lastKnownFileType = sourcecode.swift; path = cryptoCrazySUIApp.swift; sourceTree = "<group>"; };
		3E6226562C7F5D8A00F0D98F /* MainView.swift */ = {isa = PBXFileReference; lastKnownFileType = sourcecode.swift; path = MainView.swift; sourceTree = "<group>"; };
		3E6226582C7F5D8B00F0D98F /* Assets.xcassets */ = {isa = PBXFileReference; lastKnownFileType = folder.assetcatalog; path = Assets.xcassets; sourceTree = "<group>"; };
		3E62265B2C7F5D8B00F0D98F /* Preview Assets.xcassets */ = {isa = PBXFileReference; lastKnownFileType = folder.assetcatalog; path = "Preview Assets.xcassets"; sourceTree = "<group>"; };
		3E6226672C7F5E8E00F0D98F /* CryptoCurrency.swift */ = {isa = PBXFileReference; lastKnownFileType = sourcecode.swift; path = CryptoCurrency.swift; sourceTree = "<group>"; };
		3E6226692C7F61EF00F0D98F /* webservice.swift */ = {isa = PBXFileReference; lastKnownFileType = sourcecode.swift; path = webservice.swift; sourceTree = "<group>"; };
		3E62266B2C7F67B000F0D98F /* cryptoViewModel.swift */ = {isa = PBXFileReference; lastKnownFileType = sourcecode.swift; path = cryptoViewModel.swift; sourceTree = "<group>"; };
/* End PBXFileReference section */

/* Begin PBXFrameworksBuildPhase section */
		3E62264E2C7F5D8A00F0D98F /* Frameworks */ = {
			isa = PBXFrameworksBuildPhase;
			buildActionMask = 2147483647;
			files = (
			);
			runOnlyForDeploymentPostprocessing = 0;
		};
/* End PBXFrameworksBuildPhase section */

/* Begin PBXGroup section */
		3E6226482C7F5D8A00F0D98F = {
			isa = PBXGroup;
			children = (
				3E6226662C7F5E1300F0D98F /* View */,
				3E6226652C7F5E0C00F0D98F /* Service */,
				3E6226632C7F5DDE00F0D98F /* ViewModel */,
				3E6226532C7F5D8A00F0D98F /* Model */,
				3E6226522C7F5D8A00F0D98F /* Products */,
			);
			sourceTree = "<group>";
		};
		3E6226522C7F5D8A00F0D98F /* Products */ = {
			isa = PBXGroup;
			children = (
				3E6226512C7F5D8A00F0D98F /* cryptoCrazySUI.app */,
			);
			name = Products;
			sourceTree = "<group>";
		};
		3E6226532C7F5D8A00F0D98F /* Model */ = {
			isa = PBXGroup;
			children = (
				3E6226672C7F5E8E00F0D98F /* CryptoCurrency.swift */,
				3E6226542C7F5D8A00F0D98F /* cryptoCrazySUIApp.swift */,
				3E6226582C7F5D8B00F0D98F /* Assets.xcassets */,
				3E62265A2C7F5D8B00F0D98F /* Preview Content */,
			);
			path = Model;
			sourceTree = "<group>";
		};
		3E62265A2C7F5D8B00F0D98F /* Preview Content */ = {
			isa = PBXGroup;
			children = (
				3E62265B2C7F5D8B00F0D98F /* Preview Assets.xcassets */,
			);
			path = "Preview Content";
			sourceTree = "<group>";
		};
		3E6226632C7F5DDE00F0D98F /* ViewModel */ = {
			isa = PBXGroup;
			children = (
				3E62266B2C7F67B000F0D98F /* cryptoViewModel.swift */,
			);
			path = ViewModel;
			sourceTree = "<group>";
		};
		3E6226652C7F5E0C00F0D98F /* Service */ = {
			isa = PBXGroup;
			children = (
				3E6226692C7F61EF00F0D98F /* webservice.swift */,
			);
			path = Service;
			sourceTree = "<group>";
		};
		3E6226662C7F5E1300F0D98F /* View */ = {
			isa = PBXGroup;
			children = (
				3E6226562C7F5D8A00F0D98F /* MainView.swift */,
			);
			path = View;
			sourceTree = "<group>";
		};
/* End PBXGroup section */

/* Begin PBXNativeTarget section */
		3E6226502C7F5D8A00F0D98F /* cryptoCrazySUI */ = {
			isa = PBXNativeTarget;
			buildConfigurationList = 3E62265F2C7F5D8B00F0D98F /* Build configuration list for PBXNativeTarget "cryptoCrazySUI" */;
			buildPhases = (
				3E62264D2C7F5D8A00F0D98F /* Sources */,
				3E62264E2C7F5D8A00F0D98F /* Frameworks */,
				3E62264F2C7F5D8A00F0D98F /* Resources */,
			);
			buildRules = (
			);
			dependencies = (
			);
			name = cryptoCrazySUI;
			productName = cryptoCrazySUI;
			productReference = 3E6226512C7F5D8A00F0D98F /* cryptoCrazySUI.app */;
			productType = "com.apple.product-type.application";
		};
/* End PBXNativeTarget section */

/* Begin PBXProject section */
		3E6226492C7F5D8A00F0D98F /* Project object */ = {
			isa = PBXProject;
			attributes = {
				BuildIndependentTargetsInParallel = 1;
				LastSwiftUpdateCheck = 1530;
				LastUpgradeCheck = 1530;
				TargetAttributes = {
					3E6226502C7F5D8A00F0D98F = {
						CreatedOnToolsVersion = 15.3;
					};
				};
			};
			buildConfigurationList = 3E62264C2C7F5D8A00F0D98F /* Build configuration list for PBXProject "cryptoCrazySUI" */;
			compatibilityVersion = "Xcode 14.0";
			developmentRegion = en;
			hasScannedForEncodings = 0;
			knownRegions = (
				en,
				Base,
			);
			mainGroup = 3E6226482C7F5D8A00F0D98F;
			productRefGroup = 3E6226522C7F5D8A00F0D98F /* Products */;
			projectDirPath = "";
			projectRoot = "";
			targets = (
				3E6226502C7F5D8A00F0D98F /* cryptoCrazySUI */,
			);
		};
/* End PBXProject section */

/* Begin PBXResourcesBuildPhase section */
		3E62264F2C7F5D8A00F0D98F /* Resources */ = {
			isa = PBXResourcesBuildPhase;
			buildActionMask = 2147483647;
			files = (
				3E62265C2C7F5D8B00F0D98F /* Preview Assets.xcassets in Resources */,
				3E6226592C7F5D8B00F0D98F /* Assets.xcassets in Resources */,
			);
			runOnlyForDeploymentPostprocessing = 0;
		};
/* End PBXResourcesBuildPhase section */

/* Begin PBXSourcesBuildPhase section */
		3E62264D2C7F5D8A00F0D98F /* Sources */ = {
			isa = PBXSourcesBuildPhase;
			buildActionMask = 2147483647;
			files = (
				3E6226572C7F5D8A00F0D98F /* MainView.swift in Sources */,
				3E62266C2C7F67B000F0D98F /* cryptoViewModel.swift in Sources */,
				3E6226682C7F5E8E00F0D98F /* CryptoCurrency.swift in Sources */,
				3E62266A2C7F61EF00F0D98F /* webservice.swift in Sources */,
				3E6226552C7F5D8A00F0D98F /* cryptoCrazySUIApp.swift in Sources */,
			);
			runOnlyForDeploymentPostprocessing = 0;
		};
/* End PBXSourcesBuildPhase section */

/* Begin XCBuildConfiguration section */
		3E62265D2C7F5D8B00F0D98F /* Debug */ = {
			isa = XCBuildConfiguration;
			buildSettings = {
				ALWAYS_SEARCH_USER_PATHS = NO;
				ASSETCATALOG_COMPILER_GENERATE_SWIFT_ASSET_SYMBOL_EXTENSIONS = YES;
				CLANG_ANALYZER_NONNULL = YES;
				CLANG_ANALYZER_NUMBER_OBJECT_CONVERSION = YES_AGGRESSIVE;
				CLANG_CXX_LANGUAGE_STANDARD = "gnu++20";
				CLANG_ENABLE_MODULES = YES;
				CLANG_ENABLE_OBJC_ARC = YES;
				CLANG_ENABLE_OBJC_WEAK = YES;
				CLANG_WARN_BLOCK_CAPTURE_AUTORELEASING = YES;
				CLANG_WARN_BOOL_CONVERSION = YES;
				CLANG_WARN_COMMA = YES;
				CLANG_WARN_CONSTANT_CONVERSION = YES;
				CLANG_WARN_DEPRECATED_OBJC_IMPLEMENTATIONS = YES;
				CLANG_WARN_DIRECT_OBJC_ISA_USAGE = YES_ERROR;
				CLANG_WARN_DOCUMENTATION_COMMENTS = YES;
				CLANG_WARN_EMPTY_BODY = YES;
				CLANG_WARN_ENUM_CONVERSION = YES;
				CLANG_WARN_INFINITE_RECURSION = YES;
				CLANG_WARN_INT_CONVERSION = YES;
				CLANG_WARN_NON_LITERAL_NULL_CONVERSION = YES;
				CLANG_WARN_OBJC_IMPLICIT_RETAIN_SELF = YES;
				CLANG_WARN_OBJC_LITERAL_CONVERSION = YES;
				CLANG_WARN_OBJC_ROOT_CLASS = YES_ERROR;
				CLANG_WARN_QUOTED_INCLUDE_IN_FRAMEWORK_HEADER = YES;
				CLANG_WARN_RANGE_LOOP_ANALYSIS = YES;
				CLANG_WARN_STRICT_PROTOTYPES = YES;
				CLANG_WARN_SUSPICIOUS_MOVE = YES;
				CLANG_WARN_UNGUARDED_AVAILABILITY = YES_AGGRESSIVE;
				CLANG_WARN_UNREACHABLE_CODE = YES;
				CLANG_WARN__DUPLICATE_METHOD_MATCH = YES;
				COPY_PHASE_STRIP = NO;
				DEBUG_INFORMATION_FORMAT = dwarf;
				ENABLE_STRICT_OBJC_MSGSEND = YES;
				ENABLE_TESTABILITY = YES;
				ENABLE_USER_SCRIPT_SANDBOXING = YES;
				GCC_C_LANGUAGE_STANDARD = gnu17;
				GCC_DYNAMIC_NO_PIC = NO;
				GCC_NO_COMMON_BLOCKS = YES;
				GCC_OPTIMIZATION_LEVEL = 0;
				GCC_PREPROCESSOR_DEFINITIONS = (
					"DEBUG=1",
					"$(inherited)",
				);
				GCC_WARN_64_TO_32_BIT_CONVERSION = YES;
				GCC_WARN_ABOUT_RETURN_TYPE = YES_ERROR;
				GCC_WARN_UNDECLARED_SELECTOR = YES;
				GCC_WARN_UNINITIALIZED_AUTOS = YES_AGGRESSIVE;
				GCC_WARN_UNUSED_FUNCTION = YES;
				GCC_WARN_UNUSED_VARIABLE = YES;
				IPHONEOS_DEPLOYMENT_TARGET = 17.4;
				LOCALIZATION_PREFERS_STRING_CATALOGS = YES;
				MTL_ENABLE_DEBUG_INFO = INCLUDE_SOURCE;
				MTL_FAST_MATH = YES;
				ONLY_ACTIVE_ARCH = YES;
				SDKROOT = iphoneos;
				SWIFT_ACTIVE_COMPILATION_CONDITIONS = "DEBUG $(inherited)";
				SWIFT_OPTIMIZATION_LEVEL = "-Onone";
			};
			name = Debug;
		};
		3E62265E2C7F5D8B00F0D98F /* Release */ = {
			isa = XCBuildConfiguration;
			buildSettings = {
				ALWAYS_SEARCH_USER_PATHS = NO;
				ASSETCATALOG_COMPILER_GENERATE_SWIFT_ASSET_SYMBOL_EXTENSIONS = YES;
				CLANG_ANALYZER_NONNULL = YES;
				CLANG_ANALYZER_NUMBER_OBJECT_CONVERSION = YES_AGGRESSIVE;
				CLANG_CXX_LANGUAGE_STANDARD = "gnu++20";
				CLANG_ENABLE_MODULES = YES;
				CLANG_ENABLE_OBJC_ARC = YES;
				CLANG_ENABLE_OBJC_WEAK = YES;
				CLANG_WARN_BLOCK_CAPTURE_AUTORELEASING = YES;
				CLANG_WARN_BOOL_CONVERSION = YES;
				CLANG_WARN_COMMA = YES;
				CLANG_WARN_CONSTANT_CONVERSION = YES;
				CLANG_WARN_DEPRECATED_OBJC_IMPLEMENTATIONS = YES;
				CLANG_WARN_DIRECT_OBJC_ISA_USAGE = YES_ERROR;
				CLANG_WARN_DOCUMENTATION_COMMENTS = YES;
				CLANG_WARN_EMPTY_BODY = YES;
				CLANG_WARN_ENUM_CONVERSION = YES;
				CLANG_WARN_INFINITE_RECURSION = YES;
				CLANG_WARN_INT_CONVERSION = YES;
				CLANG_WARN_NON_LITERAL_NULL_CONVERSION = YES;
				CLANG_WARN_OBJC_IMPLICIT_RETAIN_SELF = YES;
				CLANG_WARN_OBJC_LITERAL_CONVERSION = YES;
				CLANG_WARN_OBJC_ROOT_CLASS = YES_ERROR;
				CLANG_WARN_QUOTED_INCLUDE_IN_FRAMEWORK_HEADER = YES;
				CLANG_WARN_RANGE_LOOP_ANALYSIS = YES;
				CLANG_WARN_STRICT_PROTOTYPES = YES;
				CLANG_WARN_SUSPICIOUS_MOVE = YES;
				CLANG_WARN_UNGUARDED_AVAILABILITY = YES_AGGRESSIVE;
				CLANG_WARN_UNREACHABLE_CODE = YES;
				CLANG_WARN__DUPLICATE_METHOD_MATCH = YES;
				COPY_PHASE_STRIP = NO;
				DEBUG_INFORMATION_FORMAT = "dwarf-with-dsym";
				ENABLE_NS_ASSERTIONS = NO;
				ENABLE_STRICT_OBJC_MSGSEND = YES;
				ENABLE_USER_SCRIPT_SANDBOXING = YES;
				GCC_C_LANGUAGE_STANDARD = gnu17;
				GCC_NO_COMMON_BLOCKS = YES;
				GCC_WARN_64_TO_32_BIT_CONVERSION = YES;
				GCC_WARN_ABOUT_RETURN_TYPE = YES_ERROR;
				GCC_WARN_UNDECLARED_SELECTOR = YES;
				GCC_WARN_UNINITIALIZED_AUTOS = YES_AGGRESSIVE;
				GCC_WARN_UNUSED_FUNCTION = YES;
				GCC_WARN_UNUSED_VARIABLE = YES;
				IPHONEOS_DEPLOYMENT_TARGET = 17.4;
				LOCALIZATION_PREFERS_STRING_CATALOGS = YES;
				MTL_ENABLE_DEBUG_INFO = NO;
				MTL_FAST_MATH = YES;
				SDKROOT = iphoneos;
				SWIFT_COMPILATION_MODE = wholemodule;
				VALIDATE_PRODUCT = YES;
			};
			name = Release;
		};
		3E6226602C7F5D8B00F0D98F /* Debug */ = {
			isa = XCBuildConfiguration;
			buildSettings = {
				ASSETCATALOG_COMPILER_APPICON_NAME = AppIcon;
				ASSETCATALOG_COMPILER_GLOBAL_ACCENT_COLOR_NAME = AccentColor;
				CODE_SIGN_STYLE = Automatic;
				CURRENT_PROJECT_VERSION = 1;
				DEVELOPMENT_ASSET_PATHS = "";
				ENABLE_PREVIEWS = YES;
				GENERATE_INFOPLIST_FILE = YES;
				INFOPLIST_KEY_UIApplicationSceneManifest_Generation = YES;
				INFOPLIST_KEY_UIApplicationSupportsIndirectInputEvents = YES;
				INFOPLIST_KEY_UILaunchScreen_Generation = YES;
				INFOPLIST_KEY_UISupportedInterfaceOrientations_iPad = "UIInterfaceOrientationPortrait UIInterfaceOrientationPortraitUpsideDown UIInterfaceOrientationLandscapeLeft UIInterfaceOrientationLandscapeRight";
				INFOPLIST_KEY_UISupportedInterfaceOrientations_iPhone = "UIInterfaceOrientationPortrait UIInterfaceOrientationLandscapeLeft UIInterfaceOrientationLandscapeRight";
				LD_RUNPATH_SEARCH_PATHS = (
					"$(inherited)",
					"@executable_path/Frameworks",
				);
				MARKETING_VERSION = 1.0;
				PRODUCT_BUNDLE_IDENTIFIER = tunatu.cryptoCrazySUI;
				PRODUCT_NAME = "$(TARGET_NAME)";
				SWIFT_EMIT_LOC_STRINGS = YES;
				SWIFT_VERSION = 5.0;
				TARGETED_DEVICE_FAMILY = "1,2";
			};
			name = Debug;
		};
		3E6226612C7F5D8B00F0D98F /* Release */ = {
			isa = XCBuildConfiguration;
			buildSettings = {
				ASSETCATALOG_COMPILER_APPICON_NAME = AppIcon;
				ASSETCATALOG_COMPILER_GLOBAL_ACCENT_COLOR_NAME = AccentColor;
				CODE_SIGN_STYLE = Automatic;
				CURRENT_PROJECT_VERSION = 1;
				DEVELOPMENT_ASSET_PATHS = "";
				ENABLE_PREVIEWS = YES;
				GENERATE_INFOPLIST_FILE = YES;
				INFOPLIST_KEY_UIApplicationSceneManifest_Generation = YES;
				INFOPLIST_KEY_UIApplicationSupportsIndirectInputEvents = YES;
				INFOPLIST_KEY_UILaunchScreen_Generation = YES;
				INFOPLIST_KEY_UISupportedInterfaceOrientations_iPad = "UIInterfaceOrientationPortrait UIInterfaceOrientationPortraitUpsideDown UIInterfaceOrientationLandscapeLeft UIInterfaceOrientationLandscapeRight";
				INFOPLIST_KEY_UISupportedInterfaceOrientations_iPhone = "UIInterfaceOrientationPortrait UIInterfaceOrientationLandscapeLeft UIInterfaceOrientationLandscapeRight";
				LD_RUNPATH_SEARCH_PATHS = (
					"$(inherited)",
					"@executable_path/Frameworks",
				);
				MARKETING_VERSION = 1.0;
				PRODUCT_BUNDLE_IDENTIFIER = tunatu.cryptoCrazySUI;
				PRODUCT_NAME = "$(TARGET_NAME)";
				SWIFT_EMIT_LOC_STRINGS = YES;
				SWIFT_VERSION = 5.0;
				TARGETED_DEVICE_FAMILY = "1,2";
			};
			name = Release;
		};
/* End XCBuildConfiguration section */

/* Begin XCConfigurationList section */
		3E62264C2C7F5D8A00F0D98F /* Build configuration list for PBXProject "cryptoCrazySUI" */ = {
			isa = XCConfigurationList;
			buildConfigurations = (
				3E62265D2C7F5D8B00F0D98F /* Debug */,
				3E62265E2C7F5D8B00F0D98F /* Release */,
			);
			defaultConfigurationIsVisible = 0;
			defaultConfigurationName = Release;
		};
		3E62265F2C7F5D8B00F0D98F /* Build configuration list for PBXNativeTarget "cryptoCrazySUI" */ = {
			isa = XCConfigurationList;
			buildConfigurations = (
				3E6226602C7F5D8B00F0D98F /* Debug */,
				3E6226612C7F5D8B00F0D98F /* Release */,
			);
			defaultConfigurationIsVisible = 0;
			defaultConfigurationName = Release;
		};
/* End XCConfigurationList section */
	};
	rootObject = 3E6226492C7F5D8A00F0D98F /* Project object */;
}
